
Microsoft Visual Studio Solution File, Format Version 12.00
# Visual Studio Version 17
VisualStudioVersion = 17.6.33829.357
MinimumVisualStudioVersion = 10.0.40219.1
Project("{FAE04EC0-301F-11D3-BF4B-00C04F79EFBC}") = "UrunKdvliFiyatHesaplanmasi", "UrunKdvliFiyatHesaplanmasi.csproj", "{0D449F3A-3E71-4CEE-822F-93A2FCD67CC3}"
EndProject
Global
	GlobalSection(SolutionConfigurationPlatforms) = preSolution
		Debug|Any CPU = Debug|Any CPU
		Release|Any CPU = Release|Any CPU
	EndGlobalSection
	GlobalSection(ProjectConfigurationPlatforms) = postSolution
		{0D449F3A-3E71-4CEE-822F-93A2FCD67CC3}.Debug|Any CPU.ActiveCfg = Debug|Any CPU
		{0D449F3A-3E71-4CEE-822F-93A2FCD67CC3}.Debug|Any CPU.Build.0 = Debug|Any CPU
		{0D449F3A-3E71-4CEE-822F-93A2FCD67CC3}.Release|Any CPU.ActiveCfg = Release|Any CPU
		{0D449F3A-3E71-4CEE-822F-93A2FCD67CC3}.Release|Any CPU.Build.0 = Release|Any CPU
	EndGlobalSection
	GlobalSection(SolutionProperties) = preSolution
		HideSolutionNode = FALSE
	EndGlobalSection
	GlobalSection(ExtensibilityGlobals) = postSolution
		SolutionGuid = {7C5077F7-7F2A-445F-9108-164FCAD314AF}
	EndGlobalSection
EndGlobal
